
Microsoft Visual Studio Solution File, Format Version 12.00
# Visual Studio Version 17
VisualStudioVersion = 17.4.33213.308
MinimumVisualStudioVersion = 10.0.40219.1
Project("{FAE04EC0-301F-11D3-BF4B-00C04F79EFBC}") = "WebSocket.API", "WebSocket.API\WebSocket.API.csproj", "{39EB092C-7C49-4CB8-8E53-E3BFE9DAC9D0}"
EndProject
Global
	GlobalSection(SolutionConfigurationPlatforms) = preSolution
		Debug|Any CPU = Debug|Any CPU
		Release|Any CPU = Release|Any CPU
	EndGlobalSection
	GlobalSection(ProjectConfigurationPlatforms) = postSolution
		{39EB092C-7C49-4CB8-8E53-E3BFE9DAC9D0}.Debug|Any CPU.ActiveCfg = Debug|Any CPU
		{39EB092C-7C49-4CB8-8E53-E3BFE9DAC9D0}.Debug|Any CPU.Build.0 = Debug|Any CPU
		{39EB092C-7C49-4CB8-8E53-E3BFE9DAC9D0}.Release|Any CPU.ActiveCfg = Release|Any CPU
		{39EB092C-7C49-4CB8-8E53-E3BFE9DAC9D0}.Release|Any CPU.Build.0 = Release|Any CPU
	EndGlobalSection
	GlobalSection(SolutionProperties) = preSolution
		HideSolutionNode = FALSE
	EndGlobalSection
	GlobalSection(ExtensibilityGlobals) = postSolution
		SolutionGuid = {8B1D330A-3313-4BAB-88F5-FFE6EE12A6C3}
	EndGlobalSection
EndGlobal
