
Microsoft Visual Studio Solution File, Format Version 12.00
Project("{FAE04EC0-301F-11D3-BF4B-00C04F79EFBC}") = "WebSocket.Api", "WebSocket.Api\WebSocket.Api.csproj", "{B92551EF-1FFA-4525-A9BC-64375F115D9F}"
EndProject
Project("{FAE04EC0-301F-11D3-BF4B-00C04F79EFBC}") = "WebSocket.Domain", "WebSocket.Domain\WebSocket.Domain.csproj", "{A33A61CF-B317-4F18-ABCB-3D9D14D4804C}"
EndProject
Project("{FAE04EC0-301F-11D3-BF4B-00C04F79EFBC}") = "WebSocket.Application", "WebSocket.Application\WebSocket.Application.csproj", "{86510F6D-85BA-454D-9471-A1F9565E2EEF}"
EndProject
Project("{FAE04EC0-301F-11D3-BF4B-00C04F79EFBC}") = "WebSocket.Infra", "WebSocket.Infra\WebSocket.Infra.csproj", "{E49B12A0-1B0E-4109-A69D-A2D767B6D8E9}"
EndProject
Global
	GlobalSection(SolutionConfigurationPlatforms) = preSolution
		Debug|Any CPU = Debug|Any CPU
		Release|Any CPU = Release|Any CPU
	EndGlobalSection
	GlobalSection(ProjectConfigurationPlatforms) = postSolution
		{B92551EF-1FFA-4525-A9BC-64375F115D9F}.Debug|Any CPU.ActiveCfg = Debug|Any CPU
		{B92551EF-1FFA-4525-A9BC-64375F115D9F}.Debug|Any CPU.Build.0 = Debug|Any CPU
		{B92551EF-1FFA-4525-A9BC-64375F115D9F}.Release|Any CPU.ActiveCfg = Release|Any CPU
		{B92551EF-1FFA-4525-A9BC-64375F115D9F}.Release|Any CPU.Build.0 = Release|Any CPU
		{A33A61CF-B317-4F18-ABCB-3D9D14D4804C}.Debug|Any CPU.ActiveCfg = Debug|Any CPU
		{A33A61CF-B317-4F18-ABCB-3D9D14D4804C}.Debug|Any CPU.Build.0 = Debug|Any CPU
		{A33A61CF-B317-4F18-ABCB-3D9D14D4804C}.Release|Any CPU.ActiveCfg = Release|Any CPU
		{A33A61CF-B317-4F18-ABCB-3D9D14D4804C}.Release|Any CPU.Build.0 = Release|Any CPU
		{86510F6D-85BA-454D-9471-A1F9565E2EEF}.Debug|Any CPU.ActiveCfg = Debug|Any CPU
		{86510F6D-85BA-454D-9471-A1F9565E2EEF}.Debug|Any CPU.Build.0 = Debug|Any CPU
		{86510F6D-85BA-454D-9471-A1F9565E2EEF}.Release|Any CPU.ActiveCfg = Release|Any CPU
		{86510F6D-85BA-454D-9471-A1F9565E2EEF}.Release|Any CPU.Build.0 = Release|Any CPU
		{E49B12A0-1B0E-4109-A69D-A2D767B6D8E9}.Debug|Any CPU.ActiveCfg = Debug|Any CPU
		{E49B12A0-1B0E-4109-A69D-A2D767B6D8E9}.Debug|Any CPU.Build.0 = Debug|Any CPU
		{E49B12A0-1B0E-4109-A69D-A2D767B6D8E9}.Release|Any CPU.ActiveCfg = Release|Any CPU
		{E49B12A0-1B0E-4109-A69D-A2D767B6D8E9}.Release|Any CPU.Build.0 = Release|Any CPU
	EndGlobalSection
EndGlobal
